
Microsoft Visual Studio Solution File, Format Version 12.00
# Visual Studio Version 16
VisualStudioVersion = 16.0.31613.86
MinimumVisualStudioVersion = 10.0.40219.1
Project("{FAE04EC0-301F-11D3-BF4B-00C04F79EFBC}") = "ConexionSQL", "ConexionSQL.csproj", "{1BC5225F-2689-4A12-80A9-A430BC1A0629}"
EndProject
Global
	GlobalSection(SolutionConfigurationPlatforms) = preSolution
		Debug|Any CPU = Debug|Any CPU
		Release|Any CPU = Release|Any CPU
	EndGlobalSection
	GlobalSection(ProjectConfigurationPlatforms) = postSolution
		{1BC5225F-2689-4A12-80A9-A430BC1A0629}.Debug|Any CPU.ActiveCfg = Debug|Any CPU
		{1BC5225F-2689-4A12-80A9-A430BC1A0629}.Debug|Any CPU.Build.0 = Debug|Any CPU
		{1BC5225F-2689-4A12-80A9-A430BC1A0629}.Release|Any CPU.ActiveCfg = Release|Any CPU
		{1BC5225F-2689-4A12-80A9-A430BC1A0629}.Release|Any CPU.Build.0 = Release|Any CPU
	EndGlobalSection
	GlobalSection(SolutionProperties) = preSolution
		HideSolutionNode = FALSE
	EndGlobalSection
	GlobalSection(ExtensibilityGlobals) = postSolution
		SolutionGuid = {6FBE0AB4-CCBF-4E1C-8552-2BB14C98507E}
	EndGlobalSection
EndGlobal
